// !$*UTF8*$!
{
	archiveVersion = 1;
	classes = {
	};
	objectVersion = 46;
	objects = {

/* Begin PBXBuildFile section */
		A633DC181E67881F00672A30 /* AppDelegate.swift in Sources */ = {isa = PBXBuildFile; fileRef = A633DC171E67881F00672A30 /* AppDelegate.swift */; };
		A633DC1A1E67881F00672A30 /* ViewController.swift in Sources */ = {isa = PBXBuildFile; fileRef = A633DC191E67881F00672A30 /* ViewController.swift */; };
		A633DC1D1E67881F00672A30 /* Main.storyboard in Resources */ = {isa = PBXBuildFile; fileRef = A633DC1B1E67881F00672A30 /* Main.storyboard */; };
		A633DC1F1E67881F00672A30 /* Assets.xcassets in Resources */ = {isa = PBXBuildFile; fileRef = A633DC1E1E67881F00672A30 /* Assets.xcassets */; };
		A633DC221E67881F00672A30 /* LaunchScreen.storyboard in Resources */ = {isa = PBXBuildFile; fileRef = A633DC201E67881F00672A30 /* LaunchScreen.storyboard */; };
/* End PBXBuildFile section */

/* Begin PBXFileReference section */
		A633DC141E67881F00672A30 /* Table Views.app */ = {isa = PBXFileReference; explicitFileType = wrapper.application; includeInIndex = 0; path = "Table Views.app"; sourceTree = BUILT_PRODUCTS_DIR; };
		A633DC171E67881F00672A30 /* AppDelegate.swift */ = {isa = PBXFileReference; lastKnownFileType = sourcecode.swift; path = AppDelegate.swift; sourceTree = "<group>"; };
		A633DC191E67881F00672A30 /* ViewController.swift */ = {isa = PBXFileReference; lastKnownFileType = sourcecode.swift; path = ViewController.swift; sourceTree = "<group>"; };
		A633DC1C1E67881F00672A30 /* Base */ = {isa = PBXFileReference; lastKnownFileType = file.storyboard; name = Base; path = Base.lproj/Main.storyboard; sourceTree = "<group>"; };
		A633DC1E1E67881F00672A30 /* Assets.xcassets */ = {isa = PBXFileReference; lastKnownFileType = folder.assetcatalog; path = Assets.xcassets; sourceTree = "<group>"; };
		A633DC211E67881F00672A30 /* Base */ = {isa = PBXFileReference; lastKnownFileType = file.storyboard; name = Base; path = Base.lproj/LaunchScreen.storyboard; sourceTree = "<group>"; };
		A633DC231E67881F00672A30 /* Info.plist */ = {isa = PBXFileReference; lastKnownFileType = text.plist.xml; path = Info.plist; sourceTree = "<group>"; };
/* End PBXFileReference section */

/* Begin PBXFrameworksBuildPhase section */
		A633DC111E67881E00672A30 /* Frameworks */ = {
			isa = PBXFrameworksBuildPhase;
			buildActionMask = 2147483647;
			files = (
			);
			runOnlyForDeploymentPostprocessing = 0;
		};
/* End PBXFrameworksBuildPhase section */

/* Begin PBXGroup section */
		A633DC0B1E67881E00672A30 = {
			isa = PBXGroup;
			children = (
				A633DC161E67881F00672A30 /* Table Views */,
				A633DC151E67881F00672A30 /* Products */,
			);
			sourceTree = "<group>";
		};
		A633DC151E67881F00672A30 /* Products */ = {
			isa = PBXGroup;
			children = (
				A633DC141E67881F00672A30 /* Table Views.app */,
			);
			name = Products;
			sourceTree = "<group>";
		};
		A633DC161E67881F00672A30 /* Table Views */ = {
			isa = PBXGroup;
			children = (
				A633DC171E67881F00672A30 /* AppDelegate.swift */,
				A633DC191E67881F00672A30 /* ViewController.swift */,
				A633DC1B1E67881F00672A30 /* Main.storyboard */,
				A633DC1E1E67881F00672A30 /* Assets.xcassets */,
				A633DC201E67881F00672A30 /* LaunchScreen.storyboard */,
				A633DC231E67881F00672A30 /* Info.plist */,
			);
			path = "Table Views";
			sourceTree = "<group>";
		};
/* End PBXGroup section */

/* Begin PBXNativeTarget section */
		A633DC131E67881E00672A30 /* Table Views */ = {
			isa = PBXNativeTarget;
			buildConfigurationList = A633DC261E67881F00672A30 /* Build configuration list for PBXNativeTarget "Table Views" */;
			buildPhases = (
				A633DC101E67881E00672A30 /* Sources */,
				A633DC111E67881E00672A30 /* Frameworks */,
				A633DC121E67881E00672A30 /* Resources */,
			);
			buildRules = (
			);
			dependencies = (
			);
			name = "Table Views";
			productName = "Table Views";
			productReference = A633DC141E67881F00672A30 /* Table Views.app */;
			productType = "com.apple.product-type.application";
		};
/* End PBXNativeTarget section */

/* Begin PBXProject section */
		A633DC0C1E67881E00672A30 /* Project object */ = {
			isa = PBXProject;
			attributes = {
				LastSwiftUpdateCheck = 0820;
				LastUpgradeCheck = 0820;
				ORGANIZATIONNAME = "Mikey Moore";
				TargetAttributes = {
					A633DC131E67881E00672A30 = {
						CreatedOnToolsVersion = 8.2.1;
						DevelopmentTeam = J667Z4J47K;
						ProvisioningStyle = Automatic;
					};
				};
			};
			buildConfigurationList = A633DC0F1E67881E00672A30 /* Build configuration list for PBXProject "Table Views" */;
			compatibilityVersion = "Xcode 3.2";
			developmentRegion = English;
			hasScannedForEncodings = 0;
			knownRegions = (
				en,
				Base,
			);
			mainGroup = A633DC0B1E67881E00672A30;
			productRefGroup = A633DC151E67881F00672A30 /* Products */;
			projectDirPath = "";
			projectRoot = "";
			targets = (
				A633DC131E67881E00672A30 /* Table Views */,
			);
		};
/* End PBXProject section */

/* Begin PBXResourcesBuildPhase section */
		A633DC121E67881E00672A30 /* Resources */ = {
			isa = PBXResourcesBuildPhase;
			buildActionMask = 2147483647;
			files = (
				A633DC221E67881F00672A30 /* LaunchScreen.storyboard in Resources */,
				A633DC1F1E67881F00672A30 /* Assets.xcassets in Resources */,
				A633DC1D1E67881F00672A30 /* Main.storyboard in Resources */,
			);
			runOnlyForDeploymentPostprocessing = 0;
		};
/* End PBXResourcesBuildPhase section */

/* Begin PBXSourcesBuildPhase section */
		A633DC101E67881E00672A30 /* Sources */ = {
			isa = PBXSourcesBuildPhase;
			buildActionMask = 2147483647;
			files = (
				A633DC1A1E67881F00672A30 /* ViewController.swift in Sources */,
				A633DC181E67881F00672A30 /* AppDelegate.swift in Sources */,
			);
			runOnlyForDeploymentPostprocessing = 0;
		};
/* End PBXSourcesBuildPhase section */

/* Begin PBXVariantGroup section */
		A633DC1B1E67881F00672A30 /* Main.storyboard */ = {
			isa = PBXVariantGroup;
			children = (
				A633DC1C1E67881F00672A30 /* Base */,
			);
			name = Main.storyboard;
			sourceTree = "<group>";
		};
		A633DC201E67881F00672A30 /* LaunchScreen.storyboard */ = {
			isa = PBXVariantGroup;
			children = (
				A633DC211E67881F00672A30 /* Base */,
			);
			name = LaunchScreen.storyboard;
			sourceTree = "<group>";
		};
/* End PBXVariantGroup section */

/* Begin XCBuildConfiguration section */
		A633DC241E67881F00672A30 /* Debug */ = {
			isa = XCBuildConfiguration;
			buildSettings = {
				ALWAYS_SEARCH_USER_PATHS = NO;
				CLANG_ANALYZER_NONNULL = YES;
				CLANG_CXX_LANGUAGE_STANDARD = "gnu++0x";
				CLANG_CXX_LIBRARY = "libc++";
				CLANG_ENABLE_MODULES = YES;
				CLANG_ENABLE_OBJC_ARC = YES;
				CLANG_WARN_BOOL_CONVERSION = YES;
				CLANG_WARN_CONSTANT_CONVERSION = YES;
				CLANG_WARN_DIRECT_OBJC_ISA_USAGE = YES_ERROR;
				CLANG_WARN_DOCUMENTATION_COMMENTS = YES;
				CLANG_WARN_EMPTY_BODY = YES;
				CLANG_WARN_ENUM_CONVERSION = YES;
				CLANG_WARN_INFINITE_RECURSION = YES;
				CLANG_WARN_INT_CONVERSION = YES;
				CLANG_WARN_OBJC_ROOT_CLASS = YES_ERROR;
				CLANG_WARN_SUSPICIOUS_MOVE = YES;
				CLANG_WARN_UNREACHABLE_CODE = YES;
				CLANG_WARN__DUPLICATE_METHOD_MATCH = YES;
				"CODE_SIGN_IDENTITY[sdk=iphoneos*]" = "iPhone Developer";
				COPY_PHASE_STRIP = NO;
				DEBUG_INFORMATION_FORMAT = dwarf;
				ENABLE_STRICT_OBJC_MSGSEND = YES;
				ENABLE_TESTABILITY = YES;
				GCC_C_LANGUAGE_STANDARD = gnu99;
				GCC_DYNAMIC_NO_PIC = NO;
				GCC_NO_COMMON_BLOCKS = YES;
				GCC_OPTIMIZATION_LEVEL = 0;
				GCC_PREPROCESSOR_DEFINITIONS = (
					"DEBUG=1",
					"$(inherited)",
				);
				GCC_WARN_64_TO_32_BIT_CONVERSION = YES;
				GCC_WARN_ABOUT_RETURN_TYPE = YES_ERROR;
				GCC_WARN_UNDECLARED_SELECTOR = YES;
				GCC_WARN_UNINITIALIZED_AUTOS = YES_AGGRESSIVE;
				GCC_WARN_UNUSED_FUNCTION = YES;
				GCC_WARN_UNUSED_VARIABLE = YES;
				IPHONEOS_DEPLOYMENT_TARGET = 10.2;
				MTL_ENABLE_DEBUG_INFO = YES;
				ONLY_ACTIVE_ARCH = YES;
				SDKROOT = iphoneos;
				SWIFT_ACTIVE_COMPILATION_CONDITIONS = DEBUG;
				SWIFT_OPTIMIZATION_LEVEL = "-Onone";
			};
			name = Debug;
		};
		A633DC251E67881F00672A30 /* Release */ = {
			isa = XCBuildConfiguration;
			buildSettings = {
				ALWAYS_SEARCH_USER_PATHS = NO;
				CLANG_ANALYZER_NONNULL = YES;
				CLANG_CXX_LANGUAGE_STANDARD = "gnu++0x";
				CLANG_CXX_LIBRARY = "libc++";
				CLANG_ENABLE_MODULES = YES;
				CLANG_ENABLE_OBJC_ARC = YES;
				CLANG_WARN_BOOL_CONVERSION = YES;
				CLANG_WARN_CONSTANT_CONVERSION = YES;
				CLANG_WARN_DIRECT_OBJC_ISA_USAGE = YES_ERROR;
				CLANG_WARN_DOCUMENTATION_COMMENTS = YES;
				CLANG_WARN_EMPTY_BODY = YES;
				CLANG_WARN_ENUM_CONVERSION = YES;
				CLANG_WARN_INFINITE_RECURSION = YES;
				CLANG_WARN_INT_CONVERSION = YES;
				CLANG_WARN_OBJC_ROOT_CLASS = YES_ERROR;
				CLANG_WARN_SUSPICIOUS_MOVE = YES;
				CLANG_WARN_UNREACHABLE_CODE = YES;
				CLANG_WARN__DUPLICATE_METHOD_MATCH = YES;
				"CODE_SIGN_IDENTITY[sdk=iphoneos*]" = "iPhone Developer";
				COPY_PHASE_STRIP = NO;
				DEBUG_INFORMATION_FORMAT = "dwarf-with-dsym";
				ENABLE_NS_ASSERTIONS = NO;
				ENABLE_STRICT_OBJC_MSGSEND = YES;
				GCC_C_LANGUAGE_STANDARD = gnu99;
				GCC_NO_COMMON_BLOCKS = YES;
				GCC_WARN_64_TO_32_BIT_CONVERSION = YES;
				GCC_WARN_ABOUT_RETURN_TYPE = YES_ERROR;
				GCC_WARN_UNDECLARED_SELECTOR = YES;
				GCC_WARN_UNINITIALIZED_AUTOS = YES_AGGRESSIVE;
				GCC_WARN_UNUSED_FUNCTION = YES;
				GCC_WARN_UNUSED_VARIABLE = YES;
				IPHONEOS_DEPLOYMENT_TARGET = 10.2;
				MTL_ENABLE_DEBUG_INFO = NO;
				SDKROOT = iphoneos;
				SWIFT_OPTIMIZATION_LEVEL = "-Owholemodule";
				VALIDATE_PRODUCT = YES;
			};
			name = Release;
		};
		A633DC271E67881F00672A30 /* Debug */ = {
			isa = XCBuildConfiguration;
			buildSettings = {
				ASSETCATALOG_COMPILER_APPICON_NAME = AppIcon;
				DEVELOPMENT_TEAM = J667Z4J47K;
				INFOPLIST_FILE = "Table Views/Info.plist";
				LD_RUNPATH_SEARCH_PATHS = "$(inherited) @executable_path/Frameworks";
				PRODUCT_BUNDLE_IDENTIFIER = "com.MikeyMoore.Table-Views";
				PRODUCT_NAME = "$(TARGET_NAME)";
				SWIFT_VERSION = 3.0;
			};
			name = Debug;
		};
		A633DC281E67881F00672A30 /* Release */ = {
			isa = XCBuildConfiguration;
			buildSettings = {
				ASSETCATALOG_COMPILER_APPICON_NAME = AppIcon;
				DEVELOPMENT_TEAM = J667Z4J47K;
				INFOPLIST_FILE = "Table Views/Info.plist";
				LD_RUNPATH_SEARCH_PATHS = "$(inherited) @executable_path/Frameworks";
				PRODUCT_BUNDLE_IDENTIFIER = "com.MikeyMoore.Table-Views";
				PRODUCT_NAME = "$(TARGET_NAME)";
				SWIFT_VERSION = 3.0;
			};
			name = Release;
		};
/* End XCBuildConfiguration section */

/* Begin XCConfigurationList section */
		A633DC0F1E67881E00672A30 /* Build configuration list for PBXProject "Table Views" */ = {
			isa = XCConfigurationList;
			buildConfigurations = (
				A633DC241E67881F00672A30 /* Debug */,
				A633DC251E67881F00672A30 /* Release */,
			);
			defaultConfigurationIsVisible = 0;
			defaultConfigurationName = Release;
		};
		A633DC261E67881F00672A30 /* Build configuration list for PBXNativeTarget "Table Views" */ = {
			isa = XCConfigurationList;
			buildConfigurations = (
				A633DC271E67881F00672A30 /* Debug */,
				A633DC281E67881F00672A30 /* Release */,
			);
			defaultConfigurationIsVisible = 0;
		};
/* End XCConfigurationList section */
	};
	rootObject = A633DC0C1E67881E00672A30 /* Project object */;
}
